// !$*UTF8*$!
{
	archiveVersion = 1;
	classes = {
	};
	objectVersion = 46;
	objects = {

/* Begin PBXBuildFile section */
		A6CB33DE1A9350AC0088200B /* AppDelegate.m in Sources */ = {isa = PBXBuildFile; fileRef = A6CB33DD1A9350AC0088200B /* AppDelegate.m */; };
		A6CB33E01A9350AC0088200B /* main.m in Sources */ = {isa = PBXBuildFile; fileRef = A6CB33DF1A9350AC0088200B /* main.m */; };
		A6CB33E21A9350AC0088200B /* Images.xcassets in Resources */ = {isa = PBXBuildFile; fileRef = A6CB33E11A9350AC0088200B /* Images.xcassets */; };
		A6CB33E51A9350AC0088200B /* MainMenu.xib in Resources */ = {isa = PBXBuildFile; fileRef = A6CB33E31A9350AC0088200B /* MainMenu.xib */; };
		A6CB33F11A9350AC0088200B /* key_per_appTests.m in Sources */ = {isa = PBXBuildFile; fileRef = A6CB33F01A9350AC0088200B /* key_per_appTests.m */; };
/* End PBXBuildFile section */

/* Begin PBXContainerItemProxy section */
		A6CB33EB1A9350AC0088200B /* PBXContainerItemProxy */ = {
			isa = PBXContainerItemProxy;
			containerPortal = A6CB33CF1A9350AC0088200B /* Project object */;
			proxyType = 1;
			remoteGlobalIDString = A6CB33D61A9350AC0088200B;
			remoteInfo = key_per_app;
		};
/* End PBXContainerItemProxy section */

/* Begin PBXFileReference section */
		A6CB33D71A9350AC0088200B /* key_per_app.app */ = {isa = PBXFileReference; explicitFileType = wrapper.application; includeInIndex = 0; path = key_per_app.app; sourceTree = BUILT_PRODUCTS_DIR; };
		A6CB33DB1A9350AC0088200B /* Info.plist */ = {isa = PBXFileReference; lastKnownFileType = text.plist.xml; path = Info.plist; sourceTree = "<group>"; };
		A6CB33DC1A9350AC0088200B /* AppDelegate.h */ = {isa = PBXFileReference; lastKnownFileType = sourcecode.c.h; path = AppDelegate.h; sourceTree = "<group>"; };
		A6CB33DD1A9350AC0088200B /* AppDelegate.m */ = {isa = PBXFileReference; lastKnownFileType = sourcecode.c.objc; path = AppDelegate.m; sourceTree = "<group>"; };
		A6CB33DF1A9350AC0088200B /* main.m */ = {isa = PBXFileReference; lastKnownFileType = sourcecode.c.objc; path = main.m; sourceTree = "<group>"; };
		A6CB33E11A9350AC0088200B /* Images.xcassets */ = {isa = PBXFileReference; lastKnownFileType = folder.assetcatalog; path = Images.xcassets; sourceTree = "<group>"; };
		A6CB33E41A9350AC0088200B /* Base */ = {isa = PBXFileReference; lastKnownFileType = file.xib; name = Base; path = Base.lproj/MainMenu.xib; sourceTree = "<group>"; };
		A6CB33EA1A9350AC0088200B /* key_per_appTests.xctest */ = {isa = PBXFileReference; explicitFileType = wrapper.cfbundle; includeInIndex = 0; path = key_per_appTests.xctest; sourceTree = BUILT_PRODUCTS_DIR; };
		A6CB33EF1A9350AC0088200B /* Info.plist */ = {isa = PBXFileReference; lastKnownFileType = text.plist.xml; path = Info.plist; sourceTree = "<group>"; };
		A6CB33F01A9350AC0088200B /* key_per_appTests.m */ = {isa = PBXFileReference; lastKnownFileType = sourcecode.c.objc; path = key_per_appTests.m; sourceTree = "<group>"; };
/* End PBXFileReference section */

/* Begin PBXFrameworksBuildPhase section */
		A6CB33D41A9350AC0088200B /* Frameworks */ = {
			isa = PBXFrameworksBuildPhase;
			buildActionMask = 2147483647;
			files = (
			);
			runOnlyForDeploymentPostprocessing = 0;
		};
		A6CB33E71A9350AC0088200B /* Frameworks */ = {
			isa = PBXFrameworksBuildPhase;
			buildActionMask = 2147483647;
			files = (
			);
			runOnlyForDeploymentPostprocessing = 0;
		};
/* End PBXFrameworksBuildPhase section */

/* Begin PBXGroup section */
		A6CB33CE1A9350AC0088200B = {
			isa = PBXGroup;
			children = (
				A6CB33D91A9350AC0088200B /* key_per_app */,
				A6CB33ED1A9350AC0088200B /* key_per_appTests */,
				A6CB33D81A9350AC0088200B /* Products */,
			);
			sourceTree = "<group>";
		};
		A6CB33D81A9350AC0088200B /* Products */ = {
			isa = PBXGroup;
			children = (
				A6CB33D71A9350AC0088200B /* key_per_app.app */,
				A6CB33EA1A9350AC0088200B /* key_per_appTests.xctest */,
			);
			name = Products;
			sourceTree = "<group>";
		};
		A6CB33D91A9350AC0088200B /* key_per_app */ = {
			isa = PBXGroup;
			children = (
				A6CB33DC1A9350AC0088200B /* AppDelegate.h */,
				A6CB33DD1A9350AC0088200B /* AppDelegate.m */,
				A6CB33E11A9350AC0088200B /* Images.xcassets */,
				A6CB33E31A9350AC0088200B /* MainMenu.xib */,
				A6CB33DA1A9350AC0088200B /* Supporting Files */,
			);
			path = key_per_app;
			sourceTree = "<group>";
		};
		A6CB33DA1A9350AC0088200B /* Supporting Files */ = {
			isa = PBXGroup;
			children = (
				A6CB33DB1A9350AC0088200B /* Info.plist */,
				A6CB33DF1A9350AC0088200B /* main.m */,
			);
			name = "Supporting Files";
			sourceTree = "<group>";
		};
		A6CB33ED1A9350AC0088200B /* key_per_appTests */ = {
			isa = PBXGroup;
			children = (
				A6CB33F01A9350AC0088200B /* key_per_appTests.m */,
				A6CB33EE1A9350AC0088200B /* Supporting Files */,
			);
			path = key_per_appTests;
			sourceTree = "<group>";
		};
		A6CB33EE1A9350AC0088200B /* Supporting Files */ = {
			isa = PBXGroup;
			children = (
				A6CB33EF1A9350AC0088200B /* Info.plist */,
			);
			name = "Supporting Files";
			sourceTree = "<group>";
		};
/* End PBXGroup section */

/* Begin PBXNativeTarget section */
		A6CB33D61A9350AC0088200B /* key_per_app */ = {
			isa = PBXNativeTarget;
			buildConfigurationList = A6CB33F41A9350AC0088200B /* Build configuration list for PBXNativeTarget "key_per_app" */;
			buildPhases = (
				A6CB33D31A9350AC0088200B /* Sources */,
				A6CB33D41A9350AC0088200B /* Frameworks */,
				A6CB33D51A9350AC0088200B /* Resources */,
			);
			buildRules = (
			);
			dependencies = (
			);
			name = key_per_app;
			productName = key_per_app;
			productReference = A6CB33D71A9350AC0088200B /* key_per_app.app */;
			productType = "com.apple.product-type.application";
		};
		A6CB33E91A9350AC0088200B /* key_per_appTests */ = {
			isa = PBXNativeTarget;
			buildConfigurationList = A6CB33F71A9350AC0088200B /* Build configuration list for PBXNativeTarget "key_per_appTests" */;
			buildPhases = (
				A6CB33E61A9350AC0088200B /* Sources */,
				A6CB33E71A9350AC0088200B /* Frameworks */,
				A6CB33E81A9350AC0088200B /* Resources */,
			);
			buildRules = (
			);
			dependencies = (
				A6CB33EC1A9350AC0088200B /* PBXTargetDependency */,
			);
			name = key_per_appTests;
			productName = key_per_appTests;
			productReference = A6CB33EA1A9350AC0088200B /* key_per_appTests.xctest */;
			productType = "com.apple.product-type.bundle.unit-test";
		};
/* End PBXNativeTarget section */

/* Begin PBXProject section */
		A6CB33CF1A9350AC0088200B /* Project object */ = {
			isa = PBXProject;
			attributes = {
				LastUpgradeCheck = 0610;
				ORGANIZATIONNAME = "Tuan Nguyen Trung";
				TargetAttributes = {
					A6CB33D61A9350AC0088200B = {
						CreatedOnToolsVersion = 6.1.1;
					};
					A6CB33E91A9350AC0088200B = {
						CreatedOnToolsVersion = 6.1.1;
						TestTargetID = A6CB33D61A9350AC0088200B;
					};
				};
			};
			buildConfigurationList = A6CB33D21A9350AC0088200B /* Build configuration list for PBXProject "key_per_app" */;
			compatibilityVersion = "Xcode 3.2";
			developmentRegion = English;
			hasScannedForEncodings = 0;
			knownRegions = (
				en,
				Base,
			);
			mainGroup = A6CB33CE1A9350AC0088200B;
			productRefGroup = A6CB33D81A9350AC0088200B /* Products */;
			projectDirPath = "";
			projectRoot = "";
			targets = (
				A6CB33D61A9350AC0088200B /* key_per_app */,
				A6CB33E91A9350AC0088200B /* key_per_appTests */,
			);
		};
/* End PBXProject section */

/* Begin PBXResourcesBuildPhase section */
		A6CB33D51A9350AC0088200B /* Resources */ = {
			isa = PBXResourcesBuildPhase;
			buildActionMask = 2147483647;
			files = (
				A6CB33E21A9350AC0088200B /* Images.xcassets in Resources */,
				A6CB33E51A9350AC0088200B /* MainMenu.xib in Resources */,
			);
			runOnlyForDeploymentPostprocessing = 0;
		};
		A6CB33E81A9350AC0088200B /* Resources */ = {
			isa = PBXResourcesBuildPhase;
			buildActionMask = 2147483647;
			files = (
			);
			runOnlyForDeploymentPostprocessing = 0;
		};
/* End PBXResourcesBuildPhase section */

/* Begin PBXSourcesBuildPhase section */
		A6CB33D31A9350AC0088200B /* Sources */ = {
			isa = PBXSourcesBuildPhase;
			buildActionMask = 2147483647;
			files = (
				A6CB33E01A9350AC0088200B /* main.m in Sources */,
				A6CB33DE1A9350AC0088200B /* AppDelegate.m in Sources */,
			);
			runOnlyForDeploymentPostprocessing = 0;
		};
		A6CB33E61A9350AC0088200B /* Sources */ = {
			isa = PBXSourcesBuildPhase;
			buildActionMask = 2147483647;
			files = (
				A6CB33F11A9350AC0088200B /* key_per_appTests.m in Sources */,
			);
			runOnlyForDeploymentPostprocessing = 0;
		};
/* End PBXSourcesBuildPhase section */

/* Begin PBXTargetDependency section */
		A6CB33EC1A9350AC0088200B /* PBXTargetDependency */ = {
			isa = PBXTargetDependency;
			target = A6CB33D61A9350AC0088200B /* key_per_app */;
			targetProxy = A6CB33EB1A9350AC0088200B /* PBXContainerItemProxy */;
		};
/* End PBXTargetDependency section */

/* Begin PBXVariantGroup section */
		A6CB33E31A9350AC0088200B /* MainMenu.xib */ = {
			isa = PBXVariantGroup;
			children = (
				A6CB33E41A9350AC0088200B /* Base */,
			);
			name = MainMenu.xib;
			sourceTree = "<group>";
		};
/* End PBXVariantGroup section */

/* Begin XCBuildConfiguration section */
		A6CB33F21A9350AC0088200B /* Debug */ = {
			isa = XCBuildConfiguration;
			buildSettings = {
				ALWAYS_SEARCH_USER_PATHS = NO;
				CLANG_CXX_LANGUAGE_STANDARD = "gnu++0x";
				CLANG_CXX_LIBRARY = "libc++";
				CLANG_ENABLE_MODULES = YES;
				CLANG_ENABLE_OBJC_ARC = YES;
				CLANG_WARN_BOOL_CONVERSION = YES;
				CLANG_WARN_CONSTANT_CONVERSION = YES;
				CLANG_WARN_DIRECT_OBJC_ISA_USAGE = YES_ERROR;
				CLANG_WARN_EMPTY_BODY = YES;
				CLANG_WARN_ENUM_CONVERSION = YES;
				CLANG_WARN_INT_CONVERSION = YES;
				CLANG_WARN_OBJC_ROOT_CLASS = YES_ERROR;
				CLANG_WARN_UNREACHABLE_CODE = YES;
				CLANG_WARN__DUPLICATE_METHOD_MATCH = YES;
				CODE_SIGN_IDENTITY = "-";
				COPY_PHASE_STRIP = NO;
				ENABLE_STRICT_OBJC_MSGSEND = YES;
				GCC_C_LANGUAGE_STANDARD = gnu99;
				GCC_DYNAMIC_NO_PIC = NO;
				GCC_OPTIMIZATION_LEVEL = 0;
				GCC_PREPROCESSOR_DEFINITIONS = (
					"DEBUG=1",
					"$(inherited)",
				);
				GCC_SYMBOLS_PRIVATE_EXTERN = NO;
				GCC_WARN_64_TO_32_BIT_CONVERSION = YES;
				GCC_WARN_ABOUT_RETURN_TYPE = YES_ERROR;
				GCC_WARN_UNDECLARED_SELECTOR = YES;
				GCC_WARN_UNINITIALIZED_AUTOS = YES_AGGRESSIVE;
				GCC_WARN_UNUSED_FUNCTION = YES;
				GCC_WARN_UNUSED_VARIABLE = YES;
				MACOSX_DEPLOYMENT_TARGET = 10.10;
				MTL_ENABLE_DEBUG_INFO = YES;
				ONLY_ACTIVE_ARCH = YES;
				SDKROOT = macosx;
			};
			name = Debug;
		};
		A6CB33F31A9350AC0088200B /* Release */ = {
			isa = XCBuildConfiguration;
			buildSettings = {
				ALWAYS_SEARCH_USER_PATHS = NO;
				CLANG_CXX_LANGUAGE_STANDARD = "gnu++0x";
				CLANG_CXX_LIBRARY = "libc++";
				CLANG_ENABLE_MODULES = YES;
				CLANG_ENABLE_OBJC_ARC = YES;
				CLANG_WARN_BOOL_CONVERSION = YES;
				CLANG_WARN_CONSTANT_CONVERSION = YES;
				CLANG_WARN_DIRECT_OBJC_ISA_USAGE = YES_ERROR;
				CLANG_WARN_EMPTY_BODY = YES;
				CLANG_WARN_ENUM_CONVERSION = YES;
				CLANG_WARN_INT_CONVERSION = YES;
				CLANG_WARN_OBJC_ROOT_CLASS = YES_ERROR;
				CLANG_WARN_UNREACHABLE_CODE = YES;
				CLANG_WARN__DUPLICATE_METHOD_MATCH = YES;
				CODE_SIGN_IDENTITY = "-";
				COPY_PHASE_STRIP = YES;
				DEBUG_INFORMATION_FORMAT = "dwarf-with-dsym";
				ENABLE_NS_ASSERTIONS = NO;
				ENABLE_STRICT_OBJC_MSGSEND = YES;
				GCC_C_LANGUAGE_STANDARD = gnu99;
				GCC_WARN_64_TO_32_BIT_CONVERSION = YES;
				GCC_WARN_ABOUT_RETURN_TYPE = YES_ERROR;
				GCC_WARN_UNDECLARED_SELECTOR = YES;
				GCC_WARN_UNINITIALIZED_AUTOS = YES_AGGRESSIVE;
				GCC_WARN_UNUSED_FUNCTION = YES;
				GCC_WARN_UNUSED_VARIABLE = YES;
				MACOSX_DEPLOYMENT_TARGET = 10.10;
				MTL_ENABLE_DEBUG_INFO = NO;
				SDKROOT = macosx;
			};
			name = Release;
		};
		A6CB33F51A9350AC0088200B /* Debug */ = {
			isa = XCBuildConfiguration;
			buildSettings = {
				ASSETCATALOG_COMPILER_APPICON_NAME = AppIcon;
				COMBINE_HIDPI_IMAGES = YES;
				INFOPLIST_FILE = key_per_app/Info.plist;
				LD_RUNPATH_SEARCH_PATHS = "$(inherited) @executable_path/../Frameworks";
				PRODUCT_NAME = "$(TARGET_NAME)";
			};
			name = Debug;
		};
		A6CB33F61A9350AC0088200B /* Release */ = {
			isa = XCBuildConfiguration;
			buildSettings = {
				ASSETCATALOG_COMPILER_APPICON_NAME = AppIcon;
				COMBINE_HIDPI_IMAGES = YES;
				INFOPLIST_FILE = key_per_app/Info.plist;
				LD_RUNPATH_SEARCH_PATHS = "$(inherited) @executable_path/../Frameworks";
				PRODUCT_NAME = "$(TARGET_NAME)";
			};
			name = Release;
		};
		A6CB33F81A9350AC0088200B /* Debug */ = {
			isa = XCBuildConfiguration;
			buildSettings = {
				BUNDLE_LOADER = "$(TEST_HOST)";
				COMBINE_HIDPI_IMAGES = YES;
				FRAMEWORK_SEARCH_PATHS = (
					"$(DEVELOPER_FRAMEWORKS_DIR)",
					"$(inherited)",
				);
				GCC_PREPROCESSOR_DEFINITIONS = (
					"DEBUG=1",
					"$(inherited)",
				);
				INFOPLIST_FILE = key_per_appTests/Info.plist;
				LD_RUNPATH_SEARCH_PATHS = "$(inherited) @executable_path/../Frameworks @loader_path/../Frameworks";
				PRODUCT_NAME = "$(TARGET_NAME)";
				TEST_HOST = "$(BUILT_PRODUCTS_DIR)/key_per_app.app/Contents/MacOS/key_per_app";
			};
			name = Debug;
		};
		A6CB33F91A9350AC0088200B /* Release */ = {
			isa = XCBuildConfiguration;
			buildSettings = {
				BUNDLE_LOADER = "$(TEST_HOST)";
				COMBINE_HIDPI_IMAGES = YES;
				FRAMEWORK_SEARCH_PATHS = (
					"$(DEVELOPER_FRAMEWORKS_DIR)",
					"$(inherited)",
				);
				INFOPLIST_FILE = key_per_appTests/Info.plist;
				LD_RUNPATH_SEARCH_PATHS = "$(inherited) @executable_path/../Frameworks @loader_path/../Frameworks";
				PRODUCT_NAME = "$(TARGET_NAME)";
				TEST_HOST = "$(BUILT_PRODUCTS_DIR)/key_per_app.app/Contents/MacOS/key_per_app";
			};
			name = Release;
		};
/* End XCBuildConfiguration section */

/* Begin XCConfigurationList section */
		A6CB33D21A9350AC0088200B /* Build configuration list for PBXProject "key_per_app" */ = {
			isa = XCConfigurationList;
			buildConfigurations = (
				A6CB33F21A9350AC0088200B /* Debug */,
				A6CB33F31A9350AC0088200B /* Release */,
			);
			defaultConfigurationIsVisible = 0;
			defaultConfigurationName = Release;
		};
		A6CB33F41A9350AC0088200B /* Build configuration list for PBXNativeTarget "key_per_app" */ = {
			isa = XCConfigurationList;
			buildConfigurations = (
				A6CB33F51A9350AC0088200B /* Debug */,
				A6CB33F61A9350AC0088200B /* Release */,
			);
			defaultConfigurationIsVisible = 0;
		};
		A6CB33F71A9350AC0088200B /* Build configuration list for PBXNativeTarget "key_per_appTests" */ = {
			isa = XCConfigurationList;
			buildConfigurations = (
				A6CB33F81A9350AC0088200B /* Debug */,
				A6CB33F91A9350AC0088200B /* Release */,
			);
			defaultConfigurationIsVisible = 0;
		};
/* End XCConfigurationList section */
	};
	rootObject = A6CB33CF1A9350AC0088200B /* Project object */;
}
